<Solution>
  <Project Path="Notification.Application/Notification.Application.csproj" />
  <Project Path="Notification.Domain/Notification.Domain.csproj" />
  <Project Path="Notification.Infrastructure/Notification.Infrastructure.csproj" />
  <Project Path="Notification/Notification.csproj" />
  <Project Path="Tests/Notification.Tests.csproj" />
</Solution>
